
Microsoft Visual Studio Solution File, Format Version 12.00
# Visual Studio 15
VisualStudioVersion = 15.0.26124.0
MinimumVisualStudioVersion = 15.0.26124.0
Project("{FAE04EC0-301F-11D3-BF4B-00C04F79EFBC}") = "Host", "Host\Host.csproj", "{96851087-FC70-418F-8209-2131B330853C}"
EndProject
Project("{FAE04EC0-301F-11D3-BF4B-00C04F79EFBC}") = "Client", "Client\Client.csproj", "{D4AAF52E-E865-4C50-A1A7-9938C62066E8}"
EndProject
Project("{FAE04EC0-301F-11D3-BF4B-00C04F79EFBC}") = "Simple.Shared", "Simple.Shared\Simple.Shared.csproj", "{004565A9-3374-47D4-B6DC-04BD959A0373}"
EndProject
Global
	GlobalSection(SolutionConfigurationPlatforms) = preSolution
		Debug|Any CPU = Debug|Any CPU
		Debug|x64 = Debug|x64
		Debug|x86 = Debug|x86
		Release|Any CPU = Release|Any CPU
		Release|x64 = Release|x64
		Release|x86 = Release|x86
	EndGlobalSection
	GlobalSection(SolutionProperties) = preSolution
		HideSolutionNode = FALSE
	EndGlobalSection
	GlobalSection(ProjectConfigurationPlatforms) = postSolution
		{96851087-FC70-418F-8209-2131B330853C}.Debug|Any CPU.ActiveCfg = Debug|Any CPU
		{96851087-FC70-418F-8209-2131B330853C}.Debug|Any CPU.Build.0 = Debug|Any CPU
		{96851087-FC70-418F-8209-2131B330853C}.Debug|x64.ActiveCfg = Debug|x64
		{96851087-FC70-418F-8209-2131B330853C}.Debug|x64.Build.0 = Debug|x64
		{96851087-FC70-418F-8209-2131B330853C}.Debug|x86.ActiveCfg = Debug|x86
		{96851087-FC70-418F-8209-2131B330853C}.Debug|x86.Build.0 = Debug|x86
		{96851087-FC70-418F-8209-2131B330853C}.Release|Any CPU.ActiveCfg = Release|Any CPU
		{96851087-FC70-418F-8209-2131B330853C}.Release|Any CPU.Build.0 = Release|Any CPU
		{96851087-FC70-418F-8209-2131B330853C}.Release|x64.ActiveCfg = Release|x64
		{96851087-FC70-418F-8209-2131B330853C}.Release|x64.Build.0 = Release|x64
		{96851087-FC70-418F-8209-2131B330853C}.Release|x86.ActiveCfg = Release|x86
		{96851087-FC70-418F-8209-2131B330853C}.Release|x86.Build.0 = Release|x86
		{D4AAF52E-E865-4C50-A1A7-9938C62066E8}.Debug|Any CPU.ActiveCfg = Debug|Any CPU
		{D4AAF52E-E865-4C50-A1A7-9938C62066E8}.Debug|Any CPU.Build.0 = Debug|Any CPU
		{D4AAF52E-E865-4C50-A1A7-9938C62066E8}.Debug|x64.ActiveCfg = Debug|x64
		{D4AAF52E-E865-4C50-A1A7-9938C62066E8}.Debug|x64.Build.0 = Debug|x64
		{D4AAF52E-E865-4C50-A1A7-9938C62066E8}.Debug|x86.ActiveCfg = Debug|x86
		{D4AAF52E-E865-4C50-A1A7-9938C62066E8}.Debug|x86.Build.0 = Debug|x86
		{D4AAF52E-E865-4C50-A1A7-9938C62066E8}.Release|Any CPU.ActiveCfg = Release|Any CPU
		{D4AAF52E-E865-4C50-A1A7-9938C62066E8}.Release|Any CPU.Build.0 = Release|Any CPU
		{D4AAF52E-E865-4C50-A1A7-9938C62066E8}.Release|x64.ActiveCfg = Release|x64
		{D4AAF52E-E865-4C50-A1A7-9938C62066E8}.Release|x64.Build.0 = Release|x64
		{D4AAF52E-E865-4C50-A1A7-9938C62066E8}.Release|x86.ActiveCfg = Release|x86
		{D4AAF52E-E865-4C50-A1A7-9938C62066E8}.Release|x86.Build.0 = Release|x86
		{004565A9-3374-47D4-B6DC-04BD959A0373}.Debug|Any CPU.ActiveCfg = Debug|Any CPU
		{004565A9-3374-47D4-B6DC-04BD959A0373}.Debug|Any CPU.Build.0 = Debug|Any CPU
		{004565A9-3374-47D4-B6DC-04BD959A0373}.Debug|x64.ActiveCfg = Debug|x64
		{004565A9-3374-47D4-B6DC-04BD959A0373}.Debug|x64.Build.0 = Debug|x64
		{004565A9-3374-47D4-B6DC-04BD959A0373}.Debug|x86.ActiveCfg = Debug|x86
		{004565A9-3374-47D4-B6DC-04BD959A0373}.Debug|x86.Build.0 = Debug|x86
		{004565A9-3374-47D4-B6DC-04BD959A0373}.Release|Any CPU.ActiveCfg = Release|Any CPU
		{004565A9-3374-47D4-B6DC-04BD959A0373}.Release|Any CPU.Build.0 = Release|Any CPU
		{004565A9-3374-47D4-B6DC-04BD959A0373}.Release|x64.ActiveCfg = Release|x64
		{004565A9-3374-47D4-B6DC-04BD959A0373}.Release|x64.Build.0 = Release|x64
		{004565A9-3374-47D4-B6DC-04BD959A0373}.Release|x86.ActiveCfg = Release|x86
		{004565A9-3374-47D4-B6DC-04BD959A0373}.Release|x86.Build.0 = Release|x86
	EndGlobalSection
EndGlobal
