
Microsoft Visual Studio Solution File, Format Version 12.00
# Visual Studio 15
VisualStudioVersion = 15.0.26124.0
MinimumVisualStudioVersion = 15.0.26124.0
Project("{FAE04EC0-301F-11D3-BF4B-00C04F79EFBC}") = "Host", "Host\Host.csproj", "{BB866A36-D328-4F48-8B1E-12F31663BE92}"
EndProject
Project("{FAE04EC0-301F-11D3-BF4B-00C04F79EFBC}") = "Asteroid.Shared", "Asteroid.Shared\Asteroid.Shared.csproj", "{CF9073B3-83E5-4B3D-A768-F615DE0DDD68}"
EndProject
Global
	GlobalSection(SolutionProperties) = preSolution
		HideSolutionNode = FALSE
	EndGlobalSection
	GlobalSection(SolutionConfigurationPlatforms) = preSolution
		Debug|Any CPU = Debug|Any CPU
		Debug|x64 = Debug|x64
		Debug|x86 = Debug|x86
		Release|Any CPU = Release|Any CPU
		Release|x64 = Release|x64
		Release|x86 = Release|x86
	EndGlobalSection
	GlobalSection(ProjectConfigurationPlatforms) = postSolution
		{BB866A36-D328-4F48-8B1E-12F31663BE92}.Debug|Any CPU.ActiveCfg = Debug|Any CPU
		{BB866A36-D328-4F48-8B1E-12F31663BE92}.Debug|Any CPU.Build.0 = Debug|Any CPU
		{BB866A36-D328-4F48-8B1E-12F31663BE92}.Debug|x64.ActiveCfg = Debug|x64
		{BB866A36-D328-4F48-8B1E-12F31663BE92}.Debug|x64.Build.0 = Debug|x64
		{BB866A36-D328-4F48-8B1E-12F31663BE92}.Debug|x86.ActiveCfg = Debug|x86
		{BB866A36-D328-4F48-8B1E-12F31663BE92}.Debug|x86.Build.0 = Debug|x86
		{BB866A36-D328-4F48-8B1E-12F31663BE92}.Release|Any CPU.ActiveCfg = Release|Any CPU
		{BB866A36-D328-4F48-8B1E-12F31663BE92}.Release|Any CPU.Build.0 = Release|Any CPU
		{BB866A36-D328-4F48-8B1E-12F31663BE92}.Release|x64.ActiveCfg = Release|x64
		{BB866A36-D328-4F48-8B1E-12F31663BE92}.Release|x64.Build.0 = Release|x64
		{BB866A36-D328-4F48-8B1E-12F31663BE92}.Release|x86.ActiveCfg = Release|x86
		{BB866A36-D328-4F48-8B1E-12F31663BE92}.Release|x86.Build.0 = Release|x86
		{CF9073B3-83E5-4B3D-A768-F615DE0DDD68}.Debug|Any CPU.ActiveCfg = Debug|Any CPU
		{CF9073B3-83E5-4B3D-A768-F615DE0DDD68}.Debug|Any CPU.Build.0 = Debug|Any CPU
		{CF9073B3-83E5-4B3D-A768-F615DE0DDD68}.Debug|x64.ActiveCfg = Debug|x64
		{CF9073B3-83E5-4B3D-A768-F615DE0DDD68}.Debug|x64.Build.0 = Debug|x64
		{CF9073B3-83E5-4B3D-A768-F615DE0DDD68}.Debug|x86.ActiveCfg = Debug|x86
		{CF9073B3-83E5-4B3D-A768-F615DE0DDD68}.Debug|x86.Build.0 = Debug|x86
		{CF9073B3-83E5-4B3D-A768-F615DE0DDD68}.Release|Any CPU.ActiveCfg = Release|Any CPU
		{CF9073B3-83E5-4B3D-A768-F615DE0DDD68}.Release|Any CPU.Build.0 = Release|Any CPU
		{CF9073B3-83E5-4B3D-A768-F615DE0DDD68}.Release|x64.ActiveCfg = Release|x64
		{CF9073B3-83E5-4B3D-A768-F615DE0DDD68}.Release|x64.Build.0 = Release|x64
		{CF9073B3-83E5-4B3D-A768-F615DE0DDD68}.Release|x86.ActiveCfg = Release|x86
		{CF9073B3-83E5-4B3D-A768-F615DE0DDD68}.Release|x86.Build.0 = Release|x86
	EndGlobalSection
EndGlobal
